
Microsoft Visual Studio Solution File, Format Version 12.00
# Visual Studio Version 16
VisualStudioVersion = 16.0.32510.428
MinimumVisualStudioVersion = 10.0.40219.1
Project("{FAE04EC0-301F-11D3-BF4B-00C04F79EFBC}") = "winformproductos1", "winformproductos1\winformproductos1.csproj", "{CC2DC3F8-C7E2-4ABC-86F5-B7E050139389}"
EndProject
Project("{FAE04EC0-301F-11D3-BF4B-00C04F79EFBC}") = "Entidades", "Entidades\Entidades.csproj", "{2E74CB6B-FF41-45C6-BA5E-98CFF43014D2}"
EndProject
Project("{2150E333-8FDC-42A3-9474-1A3956D46DE8}") = "Solution Items", "Solution Items", "{19030A35-7D58-447F-943F-CEA6D73E162B}"
	ProjectSection(SolutionItems) = preProject
		.editorconfig = .editorconfig
	EndProjectSection
EndProject
Global
	GlobalSection(SolutionConfigurationPlatforms) = preSolution
		Debug|Any CPU = Debug|Any CPU
		Release|Any CPU = Release|Any CPU
	EndGlobalSection
	GlobalSection(ProjectConfigurationPlatforms) = postSolution
		{CC2DC3F8-C7E2-4ABC-86F5-B7E050139389}.Debug|Any CPU.ActiveCfg = Debug|Any CPU
		{CC2DC3F8-C7E2-4ABC-86F5-B7E050139389}.Debug|Any CPU.Build.0 = Debug|Any CPU
		{CC2DC3F8-C7E2-4ABC-86F5-B7E050139389}.Release|Any CPU.ActiveCfg = Release|Any CPU
		{CC2DC3F8-C7E2-4ABC-86F5-B7E050139389}.Release|Any CPU.Build.0 = Release|Any CPU
		{2E74CB6B-FF41-45C6-BA5E-98CFF43014D2}.Debug|Any CPU.ActiveCfg = Debug|Any CPU
		{2E74CB6B-FF41-45C6-BA5E-98CFF43014D2}.Debug|Any CPU.Build.0 = Debug|Any CPU
		{2E74CB6B-FF41-45C6-BA5E-98CFF43014D2}.Release|Any CPU.ActiveCfg = Release|Any CPU
		{2E74CB6B-FF41-45C6-BA5E-98CFF43014D2}.Release|Any CPU.Build.0 = Release|Any CPU
	EndGlobalSection
	GlobalSection(SolutionProperties) = preSolution
		HideSolutionNode = FALSE
	EndGlobalSection
	GlobalSection(ExtensibilityGlobals) = postSolution
		SolutionGuid = {A43EA31B-2D18-4DA7-AA91-09366303AC9E}
	EndGlobalSection
EndGlobal
